{
  "version": 4,
  "terraform_version": "1.3.9",
  "serial": 76,
  "lineage": "57578f21-c96c-1dff-00b1-73bbd5830cfb",
  "outputs": {},
  "resources": [
    {
      "mode": "managed",
      "type": "oci_core_subnet",
      "name": "ashburn_public",
      "provider": "provider[\"registry.terraform.io/hashicorp/oci\"]",
      "instances": [
        {
          "schema_version": 0,
          "attributes": {
            "availability_domain": null,
            "cidr_block": "10.0.1.0/24",
            "compartment_id": "ocid1.tenancy.oc1..aaaaaaaaca7lntmtszny3mgfhmzb5jb5oi6xucnrb7z6emorxdzheos4m4pa",
            "defined_tags": {
              "Oracle-Tags.CreatedBy": "oracleidentitycloudservice/hiriumi@gmail.com",
              "Oracle-Tags.CreatedOn": "2023-02-25T16:54:35.755Z"
            },
            "dhcp_options_id": "ocid1.dhcpoptions.oc1.iad.aaaaaaaazfu4nqzx7rllbxgb2ryyhtnslyy46ru34i2havwe4rk7wihgunbq",
            "display_name": "pub",
            "dns_label": null,
            "freeform_tags": {},
            "id": "ocid1.subnet.oc1.iad.aaaaaaaaikej4ld7fyds7rx7hp3xby762cj6qxvgdya3ph7xqqcym7372xfq",
            "ipv6cidr_block": null,
            "ipv6cidr_blocks": [],
            "ipv6virtual_router_ip": null,
            "prohibit_internet_ingress": false,
            "prohibit_public_ip_on_vnic": false,
            "route_table_id": "ocid1.routetable.oc1.iad.aaaaaaaae5vo7rovz7zpnm45ir6ezzoyn4ydlyr6szy4m7nofm5hwgg6vo7q",
            "security_list_ids": [
              "ocid1.securitylist.oc1.iad.aaaaaaaaa6w5gxawx6cdof42xy2vtzmtxvzghlhj2lnhlx5ajpgyjqhb7tmq"
            ],
            "state": "AVAILABLE",
            "subnet_domain_name": null,
            "time_created": "2023-02-25 16:54:35.799 +0000 UTC",
            "timeouts": null,
            "vcn_id": "ocid1.vcn.oc1.iad.amaaaaaaoksebviacdgtctqbwtlir6uwon7tzfer3ui4wvny5en2jpqmqg3q",
            "virtual_router_ip": "10.0.1.1",
            "virtual_router_mac": "00:00:17:16:39:7B"
          },
          "sensitive_attributes": [],
          "private": "eyJlMmJmYjczMC1lY2FhLTExZTYtOGY4OC0zNDM2M2JjN2M0YzAiOnsiY3JlYXRlIjoxMjAwMDAwMDAwMDAwLCJkZWxldGUiOjEyMDAwMDAwMDAwMDAsInVwZGF0ZSI6MTIwMDAwMDAwMDAwMH19",
          "dependencies": [
            "oci_core_vcn.ashburn_vcn"
          ]
        }
      ]
    },
    {
      "mode": "managed",
      "type": "oci_core_vcn",
      "name": "ashburn_vcn",
      "provider": "provider[\"registry.terraform.io/hashicorp/oci\"]",
      "instances": [
        {
          "schema_version": 0,
          "attributes": {
            "byoipv6cidr_blocks": [],
            "byoipv6cidr_details": [],
            "cidr_block": "10.0.0.0/16",
            "cidr_blocks": [
              "10.0.0.0/16"
            ],
            "compartment_id": "ocid1.tenancy.oc1..aaaaaaaaca7lntmtszny3mgfhmzb5jb5oi6xucnrb7z6emorxdzheos4m4pa",
            "default_dhcp_options_id": "ocid1.dhcpoptions.oc1.iad.aaaaaaaazfu4nqzx7rllbxgb2ryyhtnslyy46ru34i2havwe4rk7wihgunbq",
            "default_route_table_id": "ocid1.routetable.oc1.iad.aaaaaaaae5vo7rovz7zpnm45ir6ezzoyn4ydlyr6szy4m7nofm5hwgg6vo7q",
            "default_security_list_id": "ocid1.securitylist.oc1.iad.aaaaaaaaa6w5gxawx6cdof42xy2vtzmtxvzghlhj2lnhlx5ajpgyjqhb7tmq",
            "defined_tags": {
              "Oracle-Tags.CreatedBy": "oracleidentitycloudservice/hiriumi@gmail.com",
              "Oracle-Tags.CreatedOn": "2023-02-25T16:51:21.775Z"
            },
            "display_name": "Ashburn_VCN",
            "dns_label": "ashburn",
            "freeform_tags": {},
            "id": "ocid1.vcn.oc1.iad.amaaaaaaoksebviacdgtctqbwtlir6uwon7tzfer3ui4wvny5en2jpqmqg3q",
            "ipv6cidr_blocks": [],
            "ipv6private_cidr_blocks": [],
            "is_ipv6enabled": false,
            "is_oracle_gua_allocation_enabled": null,
            "state": "AVAILABLE",
            "time_created": "2023-02-25 16:51:21.913 +0000 UTC",
            "timeouts": null,
            "vcn_domain_name": "ashburn.oraclevcn.com"
          },
          "sensitive_attributes": [],
          "private": "eyJlMmJmYjczMC1lY2FhLTExZTYtOGY4OC0zNDM2M2JjN2M0YzAiOnsiY3JlYXRlIjoxMjAwMDAwMDAwMDAwLCJkZWxldGUiOjEyMDAwMDAwMDAwMDAsInVwZGF0ZSI6MTIwMDAwMDAwMDAwMH19"
        }
      ]
    }
  ],
  "check_results": null
}
